
Microsoft Visual Studio Solution File, Format Version 12.00
# Visual Studio Version 17
VisualStudioVersion = 17.14.36401.2 d17.14
MinimumVisualStudioVersion = 10.0.40219.1
Project("{FAE04EC0-301F-11D3-BF4B-00C04F79EFBC}") = "RaRZuweisungWPF", "RaRZuweisungWPF\RaRZuweisungWPF.csproj", "{72A8B751-8809-44B4-9746-D748811C0DE3}"
EndProject
Global
	GlobalSection(SolutionConfigurationPlatforms) = preSolution
		Debug|Any CPU = Debug|Any CPU
		Release|Any CPU = Release|Any CPU
	EndGlobalSection
	GlobalSection(ProjectConfigurationPlatforms) = postSolution
		{72A8B751-8809-44B4-9746-D748811C0DE3}.Debug|Any CPU.ActiveCfg = Debug|Any CPU
		{72A8B751-8809-44B4-9746-D748811C0DE3}.Debug|Any CPU.Build.0 = Debug|Any CPU
		{72A8B751-8809-44B4-9746-D748811C0DE3}.Release|Any CPU.ActiveCfg = Release|Any CPU
		{72A8B751-8809-44B4-9746-D748811C0DE3}.Release|Any CPU.Build.0 = Release|Any CPU
	EndGlobalSection
	GlobalSection(SolutionProperties) = preSolution
		HideSolutionNode = FALSE
	EndGlobalSection
	GlobalSection(ExtensibilityGlobals) = postSolution
		SolutionGuid = {94CA725A-6F61-483D-8A29-ECBDB3E4009D}
	EndGlobalSection
EndGlobal
